# THIS IS AN AUTOGENERATED FILE. DO NOT EDIT THIS FILE DIRECTLY.
# yarn lockfile v1


trumbowyg@^2.25.0:
  version "2.25.1"
  resolved "https://registry.yarnpkg.com/trumbowyg/-/trumbowyg-2.25.1.tgz#fa77b5a9c49875017d437f4d62a35b7da7ca560d"
  integrity sha512-bmmV1qC+fTLfyVpLE5iZjCzHG5DfAwM7p8K2fdq6L1kOi+IrVJk/qGFVEEmYyJ0Ofd1z3g2vavfABpmkVLzV6A==
