# THIS IS AN AUTOGENERATED FILE. DO NOT EDIT THIS FILE DIRECTLY.
# yarn lockfile v1


trumbowyg@^2.25.0:
  version "2.25.0"
  resolved "https://registry.yarnpkg.com/trumbowyg/-/trumbowyg-2.25.0.tgz#5d79ccc48fead1da923c9022204ad2bffd9a3ba5"
  integrity sha512-Ama8odYLdI4/G/GosGVuL796Of03BpvfwoXYIBbkiiJ/9ADh3HJ0nAfjTWoyXfCmOab+u/baML4vdWvy+sgkeQ==
