# THIS IS AN AUTOGENERATED FILE. DO NOT EDIT THIS FILE DIRECTLY.
# yarn lockfile v1


trumbowyg@^2.31.0:
  version "2.31.0"
  resolved "https://registry.yarnpkg.com/trumbowyg/-/trumbowyg-2.31.0.tgz#377959f76a4fcafd947570720cc986c843434df2"
  integrity sha512-I+DMiluTpLDx3yn6LR0TIVR7xIOjgtBQmpEE6Ofd+2yl5ruzY63q/yA/DfBuRVxdK7yDYSBe9FXpVjM1P2NdtA==
